// !$*UTF8*$!
{
	archiveVersion = 1;
	classes = {
	};
	objectVersion = 46;
	objects = {

/* Begin PBXBuildFile section */
		3335CB411F79F6B900609CA1 /* AppDelegate.swift in Sources */ = {isa = PBXBuildFile; fileRef = 3335CB401F79F6B900609CA1 /* AppDelegate.swift */; };
		3335CB461F79F6B900609CA1 /* Main.storyboard in Resources */ = {isa = PBXBuildFile; fileRef = 3335CB441F79F6B900609CA1 /* Main.storyboard */; };
		3335CB481F79F6B900609CA1 /* Assets.xcassets in Resources */ = {isa = PBXBuildFile; fileRef = 3335CB471F79F6B900609CA1 /* Assets.xcassets */; };
		3335CB4B1F79F6B900609CA1 /* LaunchScreen.storyboard in Resources */ = {isa = PBXBuildFile; fileRef = 3335CB491F79F6B900609CA1 /* LaunchScreen.storyboard */; };
		3335CB531F79FE4B00609CA1 /* ViewController.swift in Sources */ = {isa = PBXBuildFile; fileRef = 3335CB521F79FE4B00609CA1 /* ViewController.swift */; };
		3335CB571F7A117E00609CA1 /* Test1.txt in Resources */ = {isa = PBXBuildFile; fileRef = 3335CB561F7A117E00609CA1 /* Test1.txt */; };
		33EB07BC1F7A51F500F9C1FB /* Test2.txt in Resources */ = {isa = PBXBuildFile; fileRef = 33EB07BB1F7A51F500F9C1FB /* Test2.txt */; };
		33EB07BE1F7A520100F9C1FB /* Test3.txt in Resources */ = {isa = PBXBuildFile; fileRef = 33EB07BD1F7A520100F9C1FB /* Test3.txt */; };
		33EB07C01F7A520A00F9C1FB /* Test4.txt in Resources */ = {isa = PBXBuildFile; fileRef = 33EB07BF1F7A520A00F9C1FB /* Test4.txt */; };
		33EB07C21F7A521F00F9C1FB /* Test5.txt in Resources */ = {isa = PBXBuildFile; fileRef = 33EB07C11F7A521F00F9C1FB /* Test5.txt */; };
		33EB07C51F7A523400F9C1FB /* Test6.txt in Resources */ = {isa = PBXBuildFile; fileRef = 33EB07C41F7A523400F9C1FB /* Test6.txt */; };
		33EB07C71F7A524300F9C1FB /* Test7.txt in Resources */ = {isa = PBXBuildFile; fileRef = 33EB07C61F7A524300F9C1FB /* Test7.txt */; };
		33EB07C91F7A524C00F9C1FB /* Test8.txt in Resources */ = {isa = PBXBuildFile; fileRef = 33EB07C81F7A524C00F9C1FB /* Test8.txt */; };
		33EB07CB1F7A525700F9C1FB /* Test9.txt in Resources */ = {isa = PBXBuildFile; fileRef = 33EB07CA1F7A525700F9C1FB /* Test9.txt */; };
		33EB07CD1F7A526200F9C1FB /* Test10.txt in Resources */ = {isa = PBXBuildFile; fileRef = 33EB07CC1F7A526200F9C1FB /* Test10.txt */; };
		33EB07CF1F7A54A700F9C1FB /* LessonListViewController.swift in Sources */ = {isa = PBXBuildFile; fileRef = 33EB07CE1F7A54A700F9C1FB /* LessonListViewController.swift */; };
/* End PBXBuildFile section */

/* Begin PBXFileReference section */
		3335CB3D1F79F6B900609CA1 /* FlashCardWithTransition.app */ = {isa = PBXFileReference; explicitFileType = wrapper.application; includeInIndex = 0; path = FlashCardWithTransition.app; sourceTree = BUILT_PRODUCTS_DIR; };
		3335CB401F79F6B900609CA1 /* AppDelegate.swift */ = {isa = PBXFileReference; lastKnownFileType = sourcecode.swift; path = AppDelegate.swift; sourceTree = "<group>"; };
		3335CB451F79F6B900609CA1 /* Base */ = {isa = PBXFileReference; lastKnownFileType = file.storyboard; name = Base; path = Base.lproj/Main.storyboard; sourceTree = "<group>"; };
		3335CB471F79F6B900609CA1 /* Assets.xcassets */ = {isa = PBXFileReference; lastKnownFileType = folder.assetcatalog; path = Assets.xcassets; sourceTree = "<group>"; };
		3335CB4A1F79F6B900609CA1 /* Base */ = {isa = PBXFileReference; lastKnownFileType = file.storyboard; name = Base; path = Base.lproj/LaunchScreen.storyboard; sourceTree = "<group>"; };
		3335CB4C1F79F6B900609CA1 /* Info.plist */ = {isa = PBXFileReference; lastKnownFileType = text.plist.xml; path = Info.plist; sourceTree = "<group>"; };
		3335CB521F79FE4B00609CA1 /* ViewController.swift */ = {isa = PBXFileReference; fileEncoding = 4; lastKnownFileType = sourcecode.swift; path = ViewController.swift; sourceTree = "<group>"; };
		3335CB561F7A117E00609CA1 /* Test1.txt */ = {isa = PBXFileReference; fileEncoding = 4; lastKnownFileType = text; path = Test1.txt; sourceTree = "<group>"; };
		33EB07BB1F7A51F500F9C1FB /* Test2.txt */ = {isa = PBXFileReference; fileEncoding = 4; lastKnownFileType = text; path = Test2.txt; sourceTree = "<group>"; };
		33EB07BD1F7A520100F9C1FB /* Test3.txt */ = {isa = PBXFileReference; fileEncoding = 4; lastKnownFileType = text; path = Test3.txt; sourceTree = "<group>"; };
		33EB07BF1F7A520A00F9C1FB /* Test4.txt */ = {isa = PBXFileReference; fileEncoding = 4; lastKnownFileType = text; path = Test4.txt; sourceTree = "<group>"; };
		33EB07C11F7A521F00F9C1FB /* Test5.txt */ = {isa = PBXFileReference; fileEncoding = 4; lastKnownFileType = text; path = Test5.txt; sourceTree = "<group>"; };
		33EB07C41F7A523400F9C1FB /* Test6.txt */ = {isa = PBXFileReference; fileEncoding = 4; lastKnownFileType = text; path = Test6.txt; sourceTree = "<group>"; };
		33EB07C61F7A524300F9C1FB /* Test7.txt */ = {isa = PBXFileReference; fileEncoding = 4; lastKnownFileType = text; path = Test7.txt; sourceTree = "<group>"; };
		33EB07C81F7A524C00F9C1FB /* Test8.txt */ = {isa = PBXFileReference; fileEncoding = 4; lastKnownFileType = text; path = Test8.txt; sourceTree = "<group>"; };
		33EB07CA1F7A525700F9C1FB /* Test9.txt */ = {isa = PBXFileReference; fileEncoding = 4; lastKnownFileType = text; path = Test9.txt; sourceTree = "<group>"; };
		33EB07CC1F7A526200F9C1FB /* Test10.txt */ = {isa = PBXFileReference; fileEncoding = 4; lastKnownFileType = text; path = Test10.txt; sourceTree = "<group>"; };
		33EB07CE1F7A54A700F9C1FB /* LessonListViewController.swift */ = {isa = PBXFileReference; fileEncoding = 4; lastKnownFileType = sourcecode.swift; path = LessonListViewController.swift; sourceTree = "<group>"; };
/* End PBXFileReference section */

/* Begin PBXFrameworksBuildPhase section */
		3335CB3A1F79F6B900609CA1 /* Frameworks */ = {
			isa = PBXFrameworksBuildPhase;
			buildActionMask = 2147483647;
			files = (
			);
			runOnlyForDeploymentPostprocessing = 0;
		};
/* End PBXFrameworksBuildPhase section */

/* Begin PBXGroup section */
		3335CB341F79F6B900609CA1 = {
			isa = PBXGroup;
			children = (
				3335CB3F1F79F6B900609CA1 /* FlashCardWithTransition */,
				3335CB3E1F79F6B900609CA1 /* Products */,
			);
			sourceTree = "<group>";
		};
		3335CB3E1F79F6B900609CA1 /* Products */ = {
			isa = PBXGroup;
			children = (
				3335CB3D1F79F6B900609CA1 /* FlashCardWithTransition.app */,
			);
			name = Products;
			sourceTree = "<group>";
		};
		3335CB3F1F79F6B900609CA1 /* FlashCardWithTransition */ = {
			isa = PBXGroup;
			children = (
				3335CB401F79F6B900609CA1 /* AppDelegate.swift */,
				33EB07CE1F7A54A700F9C1FB /* LessonListViewController.swift */,
				3335CB521F79FE4B00609CA1 /* ViewController.swift */,
				3335CB441F79F6B900609CA1 /* Main.storyboard */,
				3335CB471F79F6B900609CA1 /* Assets.xcassets */,
				3335CB491F79F6B900609CA1 /* LaunchScreen.storyboard */,
				3335CB4C1F79F6B900609CA1 /* Info.plist */,
				3335CB561F7A117E00609CA1 /* Test1.txt */,
				33EB07BB1F7A51F500F9C1FB /* Test2.txt */,
				33EB07BD1F7A520100F9C1FB /* Test3.txt */,
				33EB07BF1F7A520A00F9C1FB /* Test4.txt */,
				33EB07C11F7A521F00F9C1FB /* Test5.txt */,
				33EB07C41F7A523400F9C1FB /* Test6.txt */,
				33EB07C61F7A524300F9C1FB /* Test7.txt */,
				33EB07C81F7A524C00F9C1FB /* Test8.txt */,
				33EB07CA1F7A525700F9C1FB /* Test9.txt */,
				33EB07CC1F7A526200F9C1FB /* Test10.txt */,
			);
			path = FlashCardWithTransition;
			sourceTree = "<group>";
		};
/* End PBXGroup section */

/* Begin PBXNativeTarget section */
		3335CB3C1F79F6B900609CA1 /* FlashCardWithTransition */ = {
			isa = PBXNativeTarget;
			buildConfigurationList = 3335CB4F1F79F6B900609CA1 /* Build configuration list for PBXNativeTarget "FlashCardWithTransition" */;
			buildPhases = (
				3335CB391F79F6B900609CA1 /* Sources */,
				3335CB3A1F79F6B900609CA1 /* Frameworks */,
				3335CB3B1F79F6B900609CA1 /* Resources */,
			);
			buildRules = (
			);
			dependencies = (
			);
			name = FlashCardWithTransition;
			productName = FlashCardWithTransition;
			productReference = 3335CB3D1F79F6B900609CA1 /* FlashCardWithTransition.app */;
			productType = "com.apple.product-type.application";
		};
/* End PBXNativeTarget section */

/* Begin PBXProject section */
		3335CB351F79F6B900609CA1 /* Project object */ = {
			isa = PBXProject;
			attributes = {
				LastSwiftUpdateCheck = 0830;
				LastUpgradeCheck = 0830;
				ORGANIZATIONNAME = VuHongSon;
				TargetAttributes = {
					3335CB3C1F79F6B900609CA1 = {
						CreatedOnToolsVersion = 8.3.3;
						DevelopmentTeam = 9ENKQ743S9;
						ProvisioningStyle = Automatic;
					};
				};
			};
			buildConfigurationList = 3335CB381F79F6B900609CA1 /* Build configuration list for PBXProject "FlashCardWithTransition" */;
			compatibilityVersion = "Xcode 3.2";
			developmentRegion = English;
			hasScannedForEncodings = 0;
			knownRegions = (
				en,
				Base,
			);
			mainGroup = 3335CB341F79F6B900609CA1;
			productRefGroup = 3335CB3E1F79F6B900609CA1 /* Products */;
			projectDirPath = "";
			projectRoot = "";
			targets = (
				3335CB3C1F79F6B900609CA1 /* FlashCardWithTransition */,
			);
		};
/* End PBXProject section */

/* Begin PBXResourcesBuildPhase section */
		3335CB3B1F79F6B900609CA1 /* Resources */ = {
			isa = PBXResourcesBuildPhase;
			buildActionMask = 2147483647;
			files = (
				33EB07CB1F7A525700F9C1FB /* Test9.txt in Resources */,
				33EB07C71F7A524300F9C1FB /* Test7.txt in Resources */,
				33EB07BE1F7A520100F9C1FB /* Test3.txt in Resources */,
				33EB07C01F7A520A00F9C1FB /* Test4.txt in Resources */,
				33EB07C21F7A521F00F9C1FB /* Test5.txt in Resources */,
				33EB07CD1F7A526200F9C1FB /* Test10.txt in Resources */,
				33EB07C91F7A524C00F9C1FB /* Test8.txt in Resources */,
				33EB07BC1F7A51F500F9C1FB /* Test2.txt in Resources */,
				3335CB4B1F79F6B900609CA1 /* LaunchScreen.storyboard in Resources */,
				3335CB481F79F6B900609CA1 /* Assets.xcassets in Resources */,
				33EB07C51F7A523400F9C1FB /* Test6.txt in Resources */,
				3335CB571F7A117E00609CA1 /* Test1.txt in Resources */,
				3335CB461F79F6B900609CA1 /* Main.storyboard in Resources */,
			);
			runOnlyForDeploymentPostprocessing = 0;
		};
/* End PBXResourcesBuildPhase section */

/* Begin PBXSourcesBuildPhase section */
		3335CB391F79F6B900609CA1 /* Sources */ = {
			isa = PBXSourcesBuildPhase;
			buildActionMask = 2147483647;
			files = (
				3335CB531F79FE4B00609CA1 /* ViewController.swift in Sources */,
				3335CB411F79F6B900609CA1 /* AppDelegate.swift in Sources */,
				33EB07CF1F7A54A700F9C1FB /* LessonListViewController.swift in Sources */,
			);
			runOnlyForDeploymentPostprocessing = 0;
		};
/* End PBXSourcesBuildPhase section */

/* Begin PBXVariantGroup section */
		3335CB441F79F6B900609CA1 /* Main.storyboard */ = {
			isa = PBXVariantGroup;
			children = (
				3335CB451F79F6B900609CA1 /* Base */,
			);
			name = Main.storyboard;
			sourceTree = "<group>";
		};
		3335CB491F79F6B900609CA1 /* LaunchScreen.storyboard */ = {
			isa = PBXVariantGroup;
			children = (
				3335CB4A1F79F6B900609CA1 /* Base */,
			);
			name = LaunchScreen.storyboard;
			sourceTree = "<group>";
		};
/* End PBXVariantGroup section */

/* Begin XCBuildConfiguration section */
		3335CB4D1F79F6B900609CA1 /* Debug */ = {
			isa = XCBuildConfiguration;
			buildSettings = {
				ALWAYS_SEARCH_USER_PATHS = NO;
				CLANG_ANALYZER_NONNULL = YES;
				CLANG_ANALYZER_NUMBER_OBJECT_CONVERSION = YES_AGGRESSIVE;
				CLANG_CXX_LANGUAGE_STANDARD = "gnu++0x";
				CLANG_CXX_LIBRARY = "libc++";
				CLANG_ENABLE_MODULES = YES;
				CLANG_ENABLE_OBJC_ARC = YES;
				CLANG_WARN_BOOL_CONVERSION = YES;
				CLANG_WARN_CONSTANT_CONVERSION = YES;
				CLANG_WARN_DIRECT_OBJC_ISA_USAGE = YES_ERROR;
				CLANG_WARN_DOCUMENTATION_COMMENTS = YES;
				CLANG_WARN_EMPTY_BODY = YES;
				CLANG_WARN_ENUM_CONVERSION = YES;
				CLANG_WARN_INFINITE_RECURSION = YES;
				CLANG_WARN_INT_CONVERSION = YES;
				CLANG_WARN_OBJC_ROOT_CLASS = YES_ERROR;
				CLANG_WARN_SUSPICIOUS_MOVE = YES;
				CLANG_WARN_UNREACHABLE_CODE = YES;
				CLANG_WARN__DUPLICATE_METHOD_MATCH = YES;
				"CODE_SIGN_IDENTITY[sdk=iphoneos*]" = "iPhone Developer";
				COPY_PHASE_STRIP = NO;
				DEBUG_INFORMATION_FORMAT = dwarf;
				ENABLE_STRICT_OBJC_MSGSEND = YES;
				ENABLE_TESTABILITY = YES;
				GCC_C_LANGUAGE_STANDARD = gnu99;
				GCC_DYNAMIC_NO_PIC = NO;
				GCC_NO_COMMON_BLOCKS = YES;
				GCC_OPTIMIZATION_LEVEL = 0;
				GCC_PREPROCESSOR_DEFINITIONS = (
					"DEBUG=1",
					"$(inherited)",
				);
				GCC_WARN_64_TO_32_BIT_CONVERSION = YES;
				GCC_WARN_ABOUT_RETURN_TYPE = YES_ERROR;
				GCC_WARN_UNDECLARED_SELECTOR = YES;
				GCC_WARN_UNINITIALIZED_AUTOS = YES_AGGRESSIVE;
				GCC_WARN_UNUSED_FUNCTION = YES;
				GCC_WARN_UNUSED_VARIABLE = YES;
				IPHONEOS_DEPLOYMENT_TARGET = 10.3;
				MTL_ENABLE_DEBUG_INFO = YES;
				ONLY_ACTIVE_ARCH = YES;
				SDKROOT = iphoneos;
				SWIFT_ACTIVE_COMPILATION_CONDITIONS = DEBUG;
				SWIFT_OPTIMIZATION_LEVEL = "-Onone";
			};
			name = Debug;
		};
		3335CB4E1F79F6B900609CA1 /* Release */ = {
			isa = XCBuildConfiguration;
			buildSettings = {
				ALWAYS_SEARCH_USER_PATHS = NO;
				CLANG_ANALYZER_NONNULL = YES;
				CLANG_ANALYZER_NUMBER_OBJECT_CONVERSION = YES_AGGRESSIVE;
				CLANG_CXX_LANGUAGE_STANDARD = "gnu++0x";
				CLANG_CXX_LIBRARY = "libc++";
				CLANG_ENABLE_MODULES = YES;
				CLANG_ENABLE_OBJC_ARC = YES;
				CLANG_WARN_BOOL_CONVERSION = YES;
				CLANG_WARN_CONSTANT_CONVERSION = YES;
				CLANG_WARN_DIRECT_OBJC_ISA_USAGE = YES_ERROR;
				CLANG_WARN_DOCUMENTATION_COMMENTS = YES;
				CLANG_WARN_EMPTY_BODY = YES;
				CLANG_WARN_ENUM_CONVERSION = YES;
				CLANG_WARN_INFINITE_RECURSION = YES;
				CLANG_WARN_INT_CONVERSION = YES;
				CLANG_WARN_OBJC_ROOT_CLASS = YES_ERROR;
				CLANG_WARN_SUSPICIOUS_MOVE = YES;
				CLANG_WARN_UNREACHABLE_CODE = YES;
				CLANG_WARN__DUPLICATE_METHOD_MATCH = YES;
				"CODE_SIGN_IDENTITY[sdk=iphoneos*]" = "iPhone Developer";
				COPY_PHASE_STRIP = NO;
				DEBUG_INFORMATION_FORMAT = "dwarf-with-dsym";
				ENABLE_NS_ASSERTIONS = NO;
				ENABLE_STRICT_OBJC_MSGSEND = YES;
				GCC_C_LANGUAGE_STANDARD = gnu99;
				GCC_NO_COMMON_BLOCKS = YES;
				GCC_WARN_64_TO_32_BIT_CONVERSION = YES;
				GCC_WARN_ABOUT_RETURN_TYPE = YES_ERROR;
				GCC_WARN_UNDECLARED_SELECTOR = YES;
				GCC_WARN_UNINITIALIZED_AUTOS = YES_AGGRESSIVE;
				GCC_WARN_UNUSED_FUNCTION = YES;
				GCC_WARN_UNUSED_VARIABLE = YES;
				IPHONEOS_DEPLOYMENT_TARGET = 10.3;
				MTL_ENABLE_DEBUG_INFO = NO;
				SDKROOT = iphoneos;
				SWIFT_OPTIMIZATION_LEVEL = "-Owholemodule";
				VALIDATE_PRODUCT = YES;
			};
			name = Release;
		};
		3335CB501F79F6B900609CA1 /* Debug */ = {
			isa = XCBuildConfiguration;
			buildSettings = {
				ASSETCATALOG_COMPILER_APPICON_NAME = AppIcon;
				DEVELOPMENT_TEAM = 9ENKQ743S9;
				INFOPLIST_FILE = FlashCardWithTransition/Info.plist;
				LD_RUNPATH_SEARCH_PATHS = "$(inherited) @executable_path/Frameworks";
				PRODUCT_BUNDLE_IDENTIFIER = "-fury.FlashCardWithTransition";
				PRODUCT_NAME = "$(TARGET_NAME)";
				SWIFT_VERSION = 3.0;
			};
			name = Debug;
		};
		3335CB511F79F6B900609CA1 /* Release */ = {
			isa = XCBuildConfiguration;
			buildSettings = {
				ASSETCATALOG_COMPILER_APPICON_NAME = AppIcon;
				DEVELOPMENT_TEAM = 9ENKQ743S9;
				INFOPLIST_FILE = FlashCardWithTransition/Info.plist;
				LD_RUNPATH_SEARCH_PATHS = "$(inherited) @executable_path/Frameworks";
				PRODUCT_BUNDLE_IDENTIFIER = "-fury.FlashCardWithTransition";
				PRODUCT_NAME = "$(TARGET_NAME)";
				SWIFT_VERSION = 3.0;
			};
			name = Release;
		};
/* End XCBuildConfiguration section */

/* Begin XCConfigurationList section */
		3335CB381F79F6B900609CA1 /* Build configuration list for PBXProject "FlashCardWithTransition" */ = {
			isa = XCConfigurationList;
			buildConfigurations = (
				3335CB4D1F79F6B900609CA1 /* Debug */,
				3335CB4E1F79F6B900609CA1 /* Release */,
			);
			defaultConfigurationIsVisible = 0;
			defaultConfigurationName = Release;
		};
		3335CB4F1F79F6B900609CA1 /* Build configuration list for PBXNativeTarget "FlashCardWithTransition" */ = {
			isa = XCConfigurationList;
			buildConfigurations = (
				3335CB501F79F6B900609CA1 /* Debug */,
				3335CB511F79F6B900609CA1 /* Release */,
			);
			defaultConfigurationIsVisible = 0;
			defaultConfigurationName = Release;
		};
/* End XCConfigurationList section */
	};
	rootObject = 3335CB351F79F6B900609CA1 /* Project object */;
}
